{
  "name": "@ali/topSdk",
  "version": "2.0.5",
  "lockfileVersion": 1,
  "requires": true,
  "dependencies": {
    "cheerio": {
      "version": "1.0.0-rc.2",
      "resolved": "http://registry.npm.taobao.org/cheerio/download/cheerio-1.0.0-rc.2.tgz",
      "dependencies": {
        "css-select": {
          "version": "http://registry.npm.taobao.org/css-select/download/css-select-1.2.0.tgz"
        },
        "dom-serializer": {
          "version": "http://registry.npm.taobao.org/dom-serializer/download/dom-serializer-0.1.0.tgz",
          "dependencies": {
            "domelementtype": {
              "version": "http://registry.npm.taobao.org/domelementtype/download/domelementtype-1.1.3.tgz",
              "bundled": true
            },
            "entities": {
              "version": "http://registry.npm.taobao.org/entities/download/entities-1.1.2.tgz",
              "bundled": true
            }
          }
        },
        "entities": {
          "version": "http://registry.npm.taobao.org/entities/download/entities-1.1.2.tgz"
        },
        "htmlparser2": {
          "version": "http://registry.npm.taobao.org/htmlparser2/download/htmlparser2-3.10.0.tgz"
        },
        "lodash": {
          "version": "http://registry.npm.taobao.org/lodash/download/lodash-4.17.11.tgz"
        },
        "parse5": {
          "version": "http://registry.npm.taobao.org/parse5/download/parse5-3.0.3.tgz"
        }
      }
    },
    "cors": {
      "version": "2.8.5",
      "resolved": "http://registry.npm.taobao.org/cors/download/cors-2.8.5.tgz",
      "dependencies": {
        "object-assign": {
          "version": "http://registry.npm.taobao.org/object-assign/download/object-assign-4.1.1.tgz"
        },
        "vary": {
          "version": "http://registry.npm.taobao.org/vary/download/vary-1.1.2.tgz"
        }
      }
    },
    "express": {
      "version": "4.16.4",
      "resolved": "http://registry.npm.taobao.org/express/download/express-4.16.4.tgz",
      "dependencies": {
        "accepts": {
          "version": "http://registry.npm.taobao.org/accepts/download/accepts-1.3.5.tgz",
          "bundled": true,
          "dependencies": {
            "mime-types": {
              "version": "http://registry.npm.taobao.org/mime-types/download/mime-types-2.1.21.tgz"
            },
            "negotiator": {
              "version": "http://registry.npm.taobao.org/negotiator/download/negotiator-0.6.1.tgz"
            }
          }
        },
        "array-flatten": {
          "version": "http://registry.npm.taobao.org/array-flatten/download/array-flatten-1.1.1.tgz",
          "bundled": true
        },
        "body-parser": {
          "version": "http://registry.npm.taobao.org/body-parser/download/body-parser-1.18.3.tgz",
          "bundled": true
        },
        "content-disposition": {
          "version": "http://registry.npm.taobao.org/content-disposition/download/content-disposition-0.5.2.tgz",
          "bundled": true
        },
        "content-type": {
          "version": "http://registry.npm.taobao.org/content-type/download/content-type-1.0.4.tgz",
          "bundled": true
        },
        "cookie": {
          "version": "http://registry.npm.taobao.org/cookie/download/cookie-0.3.1.tgz",
          "bundled": true
        },
        "cookie-signature": {
          "version": "http://registry.npm.taobao.org/cookie-signature/download/cookie-signature-1.0.6.tgz",
          "bundled": true
        },
        "debug": {
          "version": "http://registry.npm.taobao.org/debug/download/debug-2.6.9.tgz",
          "bundled": true,
          "dependencies": {
            "ms": {
              "version": "http://registry.npm.taobao.org/ms/download/ms-2.0.0.tgz"
            }
          }
        },
        "depd": {
          "version": "http://registry.npm.taobao.org/depd/download/depd-1.1.2.tgz",
          "bundled": true
        },
        "encodeurl": {
          "version": "http://registry.npm.taobao.org/encodeurl/download/encodeurl-1.0.2.tgz",
          "bundled": true
        },
        "escape-html": {
          "version": "http://registry.npm.taobao.org/escape-html/download/escape-html-1.0.3.tgz",
          "bundled": true
        },
        "etag": {
          "version": "http://registry.npm.taobao.org/etag/download/etag-1.8.1.tgz",
          "bundled": true
        },
        "finalhandler": {
          "version": "http://registry.npm.taobao.org/finalhandler/download/finalhandler-1.1.1.tgz",
          "bundled": true
        },
        "fresh": {
          "version": "http://registry.npm.taobao.org/fresh/download/fresh-0.5.2.tgz",
          "bundled": true
        },
        "merge-descriptors": {
          "version": "http://registry.npm.taobao.org/merge-descriptors/download/merge-descriptors-1.0.1.tgz",
          "bundled": true
        },
        "methods": {
          "version": "http://registry.npm.taobao.org/methods/download/methods-1.1.2.tgz",
          "bundled": true
        },
        "on-finished": {
          "version": "http://registry.npm.taobao.org/on-finished/download/on-finished-2.3.0.tgz",
          "bundled": true,
          "dependencies": {
            "ee-first": {
              "version": "http://registry.npm.taobao.org/ee-first/download/ee-first-1.1.1.tgz"
            }
          }
        },
        "parseurl": {
          "version": "http://registry.npm.taobao.org/parseurl/download/parseurl-1.3.2.tgz",
          "bundled": true
        },
        "path-to-regexp": {
          "version": "http://registry.npm.taobao.org/path-to-regexp/download/path-to-regexp-0.1.7.tgz",
          "bundled": true
        },
        "proxy-addr": {
          "version": "http://registry.npm.taobao.org/proxy-addr/download/proxy-addr-2.0.4.tgz",
          "bundled": true
        },
        "qs": {
          "version": "http://registry.npm.taobao.org/qs/download/qs-6.5.2.tgz",
          "bundled": true
        },
        "range-parser": {
          "version": "http://registry.npm.taobao.org/range-parser/download/range-parser-1.2.0.tgz",
          "bundled": true
        },
        "safe-buffer": {
          "version": "http://registry.npm.taobao.org/safe-buffer/download/safe-buffer-5.1.2.tgz",
          "bundled": true
        },
        "send": {
          "version": "http://registry.npm.taobao.org/send/download/send-0.16.2.tgz",
          "bundled": true
        },
        "serve-static": {
          "version": "http://registry.npm.taobao.org/serve-static/download/serve-static-1.13.2.tgz",
          "bundled": true
        },
        "setprototypeof": {
          "version": "http://registry.npm.taobao.org/setprototypeof/download/setprototypeof-1.1.0.tgz",
          "bundled": true
        },
        "statuses": {
          "version": "http://registry.npm.taobao.org/statuses/download/statuses-1.4.0.tgz",
          "bundled": true
        },
        "type-is": {
          "version": "http://registry.npm.taobao.org/type-is/download/type-is-1.6.16.tgz",
          "bundled": true,
          "dependencies": {
            "media-typer": {
              "version": "http://registry.npm.taobao.org/media-typer/download/media-typer-0.3.0.tgz",
              "bundled": true
            },
            "mime-types": {
              "version": "http://registry.npm.taobao.org/mime-types/download/mime-types-2.1.21.tgz",
              "bundled": true,
              "dependencies": {
                "mime-db": {
                  "version": "http://registry.npm.taobao.org/mime-db/download/mime-db-1.37.0.tgz"
                }
              }
            }
          }
        },
        "utils-merge": {
          "version": "http://registry.npm.taobao.org/utils-merge/download/utils-merge-1.0.1.tgz",
          "bundled": true
        },
        "vary": {
          "version": "http://registry.npm.taobao.org/vary/download/vary-1.1.2.tgz",
          "bundled": true
        }
      }
    },
    "form-data": {
      "version": "0.2.0",
      "resolved": "http://registry.npm.taobao.org/form-data/download/form-data-0.2.0.tgz",
      "dependencies": {
        "async": {
          "version": "http://registry.npm.taobao.org/async/download/async-0.9.2.tgz",
          "bundled": true
        },
        "combined-stream": {
          "version": "http://registry.npm.taobao.org/combined-stream/download/combined-stream-0.0.7.tgz",
          "bundled": true,
          "dependencies": {
            "delayed-stream": {
              "version": "http://registry.npm.taobao.org/delayed-stream/download/delayed-stream-0.0.5.tgz"
            }
          }
        },
        "mime-types": {
          "version": "http://registry.npm.taobao.org/mime-types/download/mime-types-2.0.14.tgz",
          "bundled": true
        }
      }
    },
    "fs-extra": {
      "version": "7.0.1",
      "resolved": "https://registry.npmjs.org/fs-extra/-/fs-extra-7.0.1.tgz",
      "integrity": "sha512-YJDaCJZEnBmcbw13fvdAM9AwNOJwOzrE4pqMqBq5nFiEqXUqHwlK4B+3pUw6JNvfSPtX05xFHtYy/1ni01eGCw==",
      "requires": {
        "graceful-fs": "^4.1.2",
        "jsonfile": "^4.0.0",
        "universalify": "^0.1.0"
      }
    },
    "graceful-fs": {
      "version": "4.1.15",
      "resolved": "https://registry.npmjs.org/graceful-fs/-/graceful-fs-4.1.15.tgz",
      "integrity": "sha512-6uHUhOPEBgQ24HM+r6b/QwWfZq+yiFcipKFrOFiBEnWdy5sdzYoi+pJeQaPI5qOLRFqWmAXUPQNsielzdLoecA=="
    },
    "iconv-lite": {
      "version": "0.4.23",
      "resolved": "http://registry.npm.taobao.org/iconv-lite/download/iconv-lite-0.4.23.tgz",
      "dependencies": {
        "safer-buffer": {
          "version": "http://registry.npm.taobao.org/safer-buffer/download/safer-buffer-2.1.2.tgz"
        }
      }
    },
    "jsonfile": {
      "version": "4.0.0",
      "resolved": "https://registry.npmjs.org/jsonfile/-/jsonfile-4.0.0.tgz",
      "integrity": "sha1-h3Gq4HmbZAdrdmQPygWPnBDjPss=",
      "requires": {
        "graceful-fs": "^4.1.6"
      }
    },
    "mime": {
      "version": "2.4.0",
      "resolved": "http://registry.npm.taobao.org/mime/download/mime-2.4.0.tgz"
    },
    "moment": {
      "version": "2.22.2",
      "resolved": "http://registry.npm.taobao.org/moment/download/moment-2.22.2.tgz"
    },
    "mongodb": {
      "version": "3.1.10",
      "resolved": "http://registry.npm.taobao.org/mongodb/download/mongodb-3.1.10.tgz",
      "dependencies": {
        "mongodb-core": {
          "version": "http://registry.npm.taobao.org/mongodb-core/download/mongodb-core-3.1.9.tgz"
        },
        "safe-buffer": {
          "version": "http://registry.npm.taobao.org/safe-buffer/download/safe-buffer-5.1.2.tgz"
        }
      }
    },
    "request": {
      "version": "2.72.0",
      "resolved": "http://registry.npm.taobao.org/request/download/request-2.72.0.tgz",
      "dependencies": {
        "aws-sign2": {
          "version": "http://registry.npm.taobao.org/aws-sign2/download/aws-sign2-0.6.0.tgz"
        },
        "aws4": {
          "version": "http://registry.npm.taobao.org/aws4/download/aws4-1.8.0.tgz"
        },
        "bl": {
          "version": "http://registry.npm.taobao.org/bl/download/bl-1.1.2.tgz"
        },
        "caseless": {
          "version": "http://registry.npm.taobao.org/caseless/download/caseless-0.11.0.tgz"
        },
        "combined-stream": {
          "version": "http://registry.npm.taobao.org/combined-stream/download/combined-stream-1.0.7.tgz",
          "dependencies": {
            "delayed-stream": {
              "version": "http://registry.npm.taobao.org/delayed-stream/download/delayed-stream-1.0.0.tgz"
            }
          }
        },
        "extend": {
          "version": "http://registry.npm.taobao.org/extend/download/extend-3.0.2.tgz"
        },
        "forever-agent": {
          "version": "http://registry.npm.taobao.org/forever-agent/download/forever-agent-0.6.1.tgz"
        },
        "form-data": {
          "version": "http://registry.npm.taobao.org/form-data/download/form-data-1.0.1.tgz",
          "dependencies": {
            "async": {
              "version": "http://registry.npm.taobao.org/async/download/async-2.6.1.tgz"
            },
            "combined-stream": {
              "version": "http://registry.npm.taobao.org/combined-stream/download/combined-stream-1.0.7.tgz",
              "dependencies": {
                "delayed-stream": {
                  "version": "http://registry.npm.taobao.org/delayed-stream/download/delayed-stream-1.0.0.tgz"
                }
              }
            },
            "mime-types": {
              "version": "http://registry.npm.taobao.org/mime-types/download/mime-types-2.1.21.tgz",
              "dependencies": {
                "mime-db": {
                  "version": "http://registry.npm.taobao.org/mime-db/download/mime-db-1.37.0.tgz"
                }
              }
            }
          }
        },
        "har-validator": {
          "version": "http://registry.npm.taobao.org/har-validator/download/har-validator-2.0.6.tgz"
        },
        "hawk": {
          "version": "http://registry.npm.taobao.org/hawk/download/hawk-3.1.3.tgz"
        },
        "http-signature": {
          "version": "http://registry.npm.taobao.org/http-signature/download/http-signature-1.1.1.tgz"
        },
        "is-typedarray": {
          "version": "http://registry.npm.taobao.org/is-typedarray/download/is-typedarray-1.0.0.tgz"
        },
        "isstream": {
          "version": "http://registry.npm.taobao.org/isstream/download/isstream-0.1.2.tgz"
        },
        "json-stringify-safe": {
          "version": "http://registry.npm.taobao.org/json-stringify-safe/download/json-stringify-safe-5.0.1.tgz"
        },
        "mime-types": {
          "version": "http://registry.npm.taobao.org/mime-types/download/mime-types-2.1.21.tgz",
          "dependencies": {
            "mime-db": {
              "version": "http://registry.npm.taobao.org/mime-db/download/mime-db-1.37.0.tgz"
            }
          }
        },
        "node-uuid": {
          "version": "http://registry.npm.taobao.org/node-uuid/download/node-uuid-1.4.8.tgz"
        },
        "oauth-sign": {
          "version": "http://registry.npm.taobao.org/oauth-sign/download/oauth-sign-0.8.2.tgz"
        },
        "qs": {
          "version": "http://registry.npm.taobao.org/qs/download/qs-6.1.2.tgz"
        },
        "stringstream": {
          "version": "http://registry.npm.taobao.org/stringstream/download/stringstream-0.0.6.tgz"
        },
        "tough-cookie": {
          "version": "http://registry.npm.taobao.org/tough-cookie/download/tough-cookie-2.2.2.tgz"
        },
        "tunnel-agent": {
          "version": "http://registry.npm.taobao.org/tunnel-agent/download/tunnel-agent-0.4.3.tgz"
        }
      }
    },
    "sha1": {
      "version": "1.1.1",
      "resolved": "http://registry.npm.taobao.org/sha1/download/sha1-1.1.1.tgz",
      "dependencies": {
        "charenc": {
          "version": "http://registry.npm.taobao.org/charenc/download/charenc-0.0.2.tgz",
          "bundled": true
        },
        "crypt": {
          "version": "http://registry.npm.taobao.org/crypt/download/crypt-0.0.2.tgz",
          "bundled": true
        }
      }
    },
    "superagent": {
      "version": "4.0.0",
      "resolved": "http://registry.npm.taobao.org/superagent/download/superagent-4.0.0.tgz",
      "requires": {
        "mime": "^2.0.3"
      },
      "dependencies": {
        "component-emitter": {
          "version": "http://registry.npm.taobao.org/component-emitter/download/component-emitter-1.2.1.tgz",
          "bundled": true
        },
        "cookiejar": {
          "version": "http://registry.npm.taobao.org/cookiejar/download/cookiejar-2.1.2.tgz",
          "bundled": true
        },
        "debug": {
          "version": "http://registry.npm.taobao.org/debug/download/debug-4.1.0.tgz",
          "bundled": true
        },
        "form-data": {
          "version": "http://registry.npm.taobao.org/form-data/download/form-data-2.3.3.tgz",
          "bundled": true,
          "dependencies": {
            "asynckit": {
              "version": "http://registry.npm.taobao.org/asynckit/download/asynckit-0.4.0.tgz"
            },
            "combined-stream": {
              "version": "http://registry.npm.taobao.org/combined-stream/download/combined-stream-1.0.7.tgz"
            },
            "mime-types": {
              "version": "http://registry.npm.taobao.org/mime-types/download/mime-types-2.1.21.tgz",
              "dependencies": {
                "mime-db": {
                  "version": "http://registry.npm.taobao.org/mime-db/download/mime-db-1.37.0.tgz"
                }
              }
            }
          }
        },
        "formidable": {
          "version": "http://registry.npm.taobao.org/formidable/download/formidable-1.2.1.tgz",
          "bundled": true
        },
        "methods": {
          "version": "http://registry.npm.taobao.org/methods/download/methods-1.1.2.tgz",
          "bundled": true
        },
        "mime": {
          "version": "http://registry.npm.taobao.org/mime/download/mime-2.4.0.tgz",
          "bundled": true
        },
        "qs": {
          "version": "http://registry.npm.taobao.org/qs/download/qs-6.6.0.tgz",
          "bundled": true
        },
        "readable-stream": {
          "version": "http://registry.npm.taobao.org/readable-stream/download/readable-stream-3.0.6.tgz",
          "bundled": true
        }
      }
    },
    "universalify": {
      "version": "0.1.2",
      "resolved": "https://registry.npmjs.org/universalify/-/universalify-0.1.2.tgz",
      "integrity": "sha512-rBJeI5CXAlmy1pV+617WB9J63U6XcazHHF2f2dbJix4XzpUF0RS3Zbj0FGIOCAva5P/d/GBOYaACQ1w+0azUkg=="
    },
    "urlencode": {
      "version": "1.1.0",
      "resolved": "http://registry.npm.taobao.org/urlencode/download/urlencode-1.1.0.tgz",
      "requires": {
        "iconv-lite": "~0.4.11"
      }
    },
    "ws": {
      "version": "0.4.32",
      "resolved": "http://registry.npm.taobao.org/ws/download/ws-0.4.32.tgz",
      "dependencies": {
        "commander": {
          "version": "http://registry.npm.taobao.org/commander/download/commander-2.1.0.tgz",
          "bundled": true
        },
        "nan": {
          "version": "http://registry.npm.taobao.org/nan/download/nan-1.0.0.tgz",
          "bundled": true
        },
        "options": {
          "version": "http://registry.npm.taobao.org/options/download/options-0.0.6.tgz",
          "bundled": true
        },
        "tinycolor": {
          "version": "http://registry.npm.taobao.org/tinycolor/download/tinycolor-0.0.1.tgz",
          "bundled": true
        }
      }
    },
    "xmlreader": {
      "version": "0.2.3",
      "resolved": "http://registry.npm.taobao.org/xmlreader/download/xmlreader-0.2.3.tgz",
      "dependencies": {
        "sax": {
          "version": "http://registry.npm.taobao.org/sax/download/sax-0.5.8.tgz",
          "bundled": true
        }
      }
    }
  }
}
